
Microsoft Visual Studio Solution File, Format Version 12.00
# Visual Studio Version 17
VisualStudioVersion = 17.9.34616.47
MinimumVisualStudioVersion = 10.0.40219.1
Project("{FAE04EC0-301F-11D3-BF4B-00C04F79EFBC}") = "EinfachNurAbfuckGehDichLöschenDuVerdammterUhrensohn", "EinfachNurAbfuckGehDichLöschenDuVerdammterUhrensohn\EinfachNurAbfuckGehDichLöschenDuVerdammterUhrensohn.csproj", "{C945FCA0-27D3-4DEA-9FDB-01E696B7CDF8}"
EndProject
Global
	GlobalSection(SolutionConfigurationPlatforms) = preSolution
		Debug|Any CPU = Debug|Any CPU
		Release|Any CPU = Release|Any CPU
	EndGlobalSection
	GlobalSection(ProjectConfigurationPlatforms) = postSolution
		{C945FCA0-27D3-4DEA-9FDB-01E696B7CDF8}.Debug|Any CPU.ActiveCfg = Debug|Any CPU
		{C945FCA0-27D3-4DEA-9FDB-01E696B7CDF8}.Debug|Any CPU.Build.0 = Debug|Any CPU
		{C945FCA0-27D3-4DEA-9FDB-01E696B7CDF8}.Release|Any CPU.ActiveCfg = Release|Any CPU
		{C945FCA0-27D3-4DEA-9FDB-01E696B7CDF8}.Release|Any CPU.Build.0 = Release|Any CPU
	EndGlobalSection
	GlobalSection(SolutionProperties) = preSolution
		HideSolutionNode = FALSE
	EndGlobalSection
	GlobalSection(ExtensibilityGlobals) = postSolution
		SolutionGuid = {2B60CB7B-5CA9-4051-8898-0317024F11EC}
	EndGlobalSection
EndGlobal
